
Microsoft Visual Studio Solution File, Format Version 12.00
# Visual Studio Version 17
VisualStudioVersion = 17.1.32421.90
MinimumVisualStudioVersion = 10.0.40219.1
Project("{FAE04EC0-301F-11D3-BF4B-00C04F79EFBC}") = "BusinessObject", "BusinessObject\BusinessObject.csproj", "{D154DB8A-ECBC-498F-A91D-C0A1B2935626}"
EndProject
Project("{FAE04EC0-301F-11D3-BF4B-00C04F79EFBC}") = "DataAccess", "DataAccess\DataAccess.csproj", "{1903F46E-697C-409B-A069-4835759E53AA}"
EndProject
Project("{FAE04EC0-301F-11D3-BF4B-00C04F79EFBC}") = "eStoreAPI", "eStoreAPI\eStoreAPI.csproj", "{AF2C43B8-FA18-42A8-8E38-310BC82708BC}"
EndProject
Project("{FAE04EC0-301F-11D3-BF4B-00C04F79EFBC}") = "eStoreClient", "eStoreClient\eStoreClient.csproj", "{5515CF19-9E11-4A19-BE74-60B76A1B3A75}"
EndProject
Project("{FAE04EC0-301F-11D3-BF4B-00C04F79EFBC}") = "Repositories", "Repositories\Repositories.csproj", "{B832A990-4181-4FB0-B731-FE48033F534D}"
EndProject
Global
	GlobalSection(SolutionConfigurationPlatforms) = preSolution
		Debug|Any CPU = Debug|Any CPU
		Release|Any CPU = Release|Any CPU
	EndGlobalSection
	GlobalSection(ProjectConfigurationPlatforms) = postSolution
		{D154DB8A-ECBC-498F-A91D-C0A1B2935626}.Debug|Any CPU.ActiveCfg = Debug|Any CPU
		{D154DB8A-ECBC-498F-A91D-C0A1B2935626}.Debug|Any CPU.Build.0 = Debug|Any CPU
		{D154DB8A-ECBC-498F-A91D-C0A1B2935626}.Release|Any CPU.ActiveCfg = Release|Any CPU
		{D154DB8A-ECBC-498F-A91D-C0A1B2935626}.Release|Any CPU.Build.0 = Release|Any CPU
		{1903F46E-697C-409B-A069-4835759E53AA}.Debug|Any CPU.ActiveCfg = Debug|Any CPU
		{1903F46E-697C-409B-A069-4835759E53AA}.Debug|Any CPU.Build.0 = Debug|Any CPU
		{1903F46E-697C-409B-A069-4835759E53AA}.Release|Any CPU.ActiveCfg = Release|Any CPU
		{1903F46E-697C-409B-A069-4835759E53AA}.Release|Any CPU.Build.0 = Release|Any CPU
		{AF2C43B8-FA18-42A8-8E38-310BC82708BC}.Debug|Any CPU.ActiveCfg = Debug|Any CPU
		{AF2C43B8-FA18-42A8-8E38-310BC82708BC}.Debug|Any CPU.Build.0 = Debug|Any CPU
		{AF2C43B8-FA18-42A8-8E38-310BC82708BC}.Release|Any CPU.ActiveCfg = Release|Any CPU
		{AF2C43B8-FA18-42A8-8E38-310BC82708BC}.Release|Any CPU.Build.0 = Release|Any CPU
		{5515CF19-9E11-4A19-BE74-60B76A1B3A75}.Debug|Any CPU.ActiveCfg = Debug|Any CPU
		{5515CF19-9E11-4A19-BE74-60B76A1B3A75}.Debug|Any CPU.Build.0 = Debug|Any CPU
		{5515CF19-9E11-4A19-BE74-60B76A1B3A75}.Release|Any CPU.ActiveCfg = Release|Any CPU
		{5515CF19-9E11-4A19-BE74-60B76A1B3A75}.Release|Any CPU.Build.0 = Release|Any CPU
		{B832A990-4181-4FB0-B731-FE48033F534D}.Debug|Any CPU.ActiveCfg = Debug|Any CPU
		{B832A990-4181-4FB0-B731-FE48033F534D}.Debug|Any CPU.Build.0 = Debug|Any CPU
		{B832A990-4181-4FB0-B731-FE48033F534D}.Release|Any CPU.ActiveCfg = Release|Any CPU
		{B832A990-4181-4FB0-B731-FE48033F534D}.Release|Any CPU.Build.0 = Release|Any CPU
	EndGlobalSection
	GlobalSection(SolutionProperties) = preSolution
		HideSolutionNode = FALSE
	EndGlobalSection
	GlobalSection(ExtensibilityGlobals) = postSolution
		SolutionGuid = {1E113C93-6D0B-468C-912A-5A36686BCD9D}
	EndGlobalSection
EndGlobal
